
Microsoft Visual Studio Solution File, Format Version 12.00
Project("{FAE04EC0-301F-11D3-BF4B-00C04F79EFBC}") = "CatGirlDownloader", "CatGirlDownloader\CatGirlDownloader.csproj", "{38893E82-F6E6-40BA-96AF-68E0DDF2CA0D}"
EndProject
Global
	GlobalSection(SolutionConfigurationPlatforms) = preSolution
		Debug|Any CPU = Debug|Any CPU
		Release|Any CPU = Release|Any CPU
	EndGlobalSection
	GlobalSection(ProjectConfigurationPlatforms) = postSolution
		{38893E82-F6E6-40BA-96AF-68E0DDF2CA0D}.Debug|Any CPU.ActiveCfg = Debug|Any CPU
		{38893E82-F6E6-40BA-96AF-68E0DDF2CA0D}.Debug|Any CPU.Build.0 = Debug|Any CPU
		{38893E82-F6E6-40BA-96AF-68E0DDF2CA0D}.Release|Any CPU.ActiveCfg = Release|Any CPU
		{38893E82-F6E6-40BA-96AF-68E0DDF2CA0D}.Release|Any CPU.Build.0 = Release|Any CPU
	EndGlobalSection
EndGlobal
